
Microsoft Visual Studio Solution File, Format Version 12.00
# Visual Studio 14
VisualStudioVersion = 14.0.25123.0
MinimumVisualStudioVersion = 10.0.40219.1
Project("{8BC9CEB8-8B4A-11D0-8D11-00A0C91BC942}") = "vpx", "vpx.vcxproj", "{8C6ECD26-DC99-4126-93B2-5A7B94AB3FEC}"
EndProject
Global
	GlobalSection(SolutionConfigurationPlatforms) = preSolution
		Debug|Win32 = Debug|Win32
		Debug|x64 = Debug|x64
		DebugDLL|Win32 = DebugDLL|Win32
		DebugDLL|x64 = DebugDLL|x64
		Release|Win32 = Release|Win32
		Release|x64 = Release|x64
		ReleaseDLL|Win32 = ReleaseDLL|Win32
		ReleaseDLL|x64 = ReleaseDLL|x64
	EndGlobalSection
	GlobalSection(ProjectConfigurationPlatforms) = postSolution
		{8C6ECD26-DC99-4126-93B2-5A7B94AB3FEC}.Debug|Win32.ActiveCfg = Debug|Win32
		{8C6ECD26-DC99-4126-93B2-5A7B94AB3FEC}.Debug|Win32.Build.0 = Debug|Win32
		{8C6ECD26-DC99-4126-93B2-5A7B94AB3FEC}.Debug|x64.ActiveCfg = Debug|x64
		{8C6ECD26-DC99-4126-93B2-5A7B94AB3FEC}.Debug|x64.Build.0 = Debug|x64
		{8C6ECD26-DC99-4126-93B2-5A7B94AB3FEC}.DebugDLL|Win32.ActiveCfg = DebugDLL|Win32
		{8C6ECD26-DC99-4126-93B2-5A7B94AB3FEC}.DebugDLL|Win32.Build.0 = DebugDLL|Win32
		{8C6ECD26-DC99-4126-93B2-5A7B94AB3FEC}.DebugDLL|x64.ActiveCfg = DebugDLL|x64
		{8C6ECD26-DC99-4126-93B2-5A7B94AB3FEC}.DebugDLL|x64.Build.0 = DebugDLL|x64
		{8C6ECD26-DC99-4126-93B2-5A7B94AB3FEC}.Release|Win32.ActiveCfg = Release|Win32
		{8C6ECD26-DC99-4126-93B2-5A7B94AB3FEC}.Release|Win32.Build.0 = Release|Win32
		{8C6ECD26-DC99-4126-93B2-5A7B94AB3FEC}.Release|x64.ActiveCfg = Release|x64
		{8C6ECD26-DC99-4126-93B2-5A7B94AB3FEC}.Release|x64.Build.0 = Release|x64
		{8C6ECD26-DC99-4126-93B2-5A7B94AB3FEC}.ReleaseDLL|Win32.ActiveCfg = ReleaseDLL|Win32
		{8C6ECD26-DC99-4126-93B2-5A7B94AB3FEC}.ReleaseDLL|Win32.Build.0 = ReleaseDLL|Win32
		{8C6ECD26-DC99-4126-93B2-5A7B94AB3FEC}.ReleaseDLL|x64.ActiveCfg = ReleaseDLL|x64
		{8C6ECD26-DC99-4126-93B2-5A7B94AB3FEC}.ReleaseDLL|x64.Build.0 = ReleaseDLL|x64
	EndGlobalSection
	GlobalSection(SolutionProperties) = preSolution
		HideSolutionNode = FALSE
	EndGlobalSection
EndGlobal
